// !$*UTF8*$!
{
	archiveVersion = 1;
	classes = {
	};
	objectVersion = 50;
	objects = {

/* Begin PBXBuildFile section */
		0E4E9EDFD42F96CCF483BE89 /* Pods_MapacheTests.framework in Frameworks */ = {isa = PBXBuildFile; fileRef = AA7D82985F9FEEE89A6AA51A /* Pods_MapacheTests.framework */; };
		2C5A32E721D1AEE0B2EDAA48 /* Pods_Mapache.framework in Frameworks */ = {isa = PBXBuildFile; fileRef = 22A3A524CA097A8C033F9ACC /* Pods_Mapache.framework */; };
		318382D1995F795450AE4876 /* Pods_MapacheUITests.framework in Frameworks */ = {isa = PBXBuildFile; fileRef = 56C0634809D4062989D635B8 /* Pods_MapacheUITests.framework */; };
		373958252166D7F00030470E /* AppDelegate.swift in Sources */ = {isa = PBXBuildFile; fileRef = 373958242166D7F00030470E /* AppDelegate.swift */; };
		373958272166D7F00030470E /* HomeVC.swift in Sources */ = {isa = PBXBuildFile; fileRef = 373958262166D7F00030470E /* HomeVC.swift */; };
		3739582A2166D7F00030470E /* Main.storyboard in Resources */ = {isa = PBXBuildFile; fileRef = 373958282166D7F00030470E /* Main.storyboard */; };
		3739582C2166D7F10030470E /* Assets.xcassets in Resources */ = {isa = PBXBuildFile; fileRef = 3739582B2166D7F10030470E /* Assets.xcassets */; };
		3739582F2166D7F10030470E /* LaunchScreen.storyboard in Resources */ = {isa = PBXBuildFile; fileRef = 3739582D2166D7F10030470E /* LaunchScreen.storyboard */; };
		3739583A2166D7F10030470E /* MapacheTests.swift in Sources */ = {isa = PBXBuildFile; fileRef = 373958392166D7F10030470E /* MapacheTests.swift */; };
		373958452166D7F10030470E /* MapacheUITests.swift in Sources */ = {isa = PBXBuildFile; fileRef = 373958442166D7F10030470E /* MapacheUITests.swift */; };
		373958532166D8940030470E /* Variable.swift in Sources */ = {isa = PBXBuildFile; fileRef = 373958522166D8940030470E /* Variable.swift */; };
		373958552166D89D0030470E /* Function.swift in Sources */ = {isa = PBXBuildFile; fileRef = 373958542166D89D0030470E /* Function.swift */; };
		375C60E6219E35CF002CB9F4 /* RoundedView.swift in Sources */ = {isa = PBXBuildFile; fileRef = 375C60E5219E35CF002CB9F4 /* RoundedView.swift */; };
		375C60E8219E35EE002CB9F4 /* FileCell.swift in Sources */ = {isa = PBXBuildFile; fileRef = 375C60E7219E35EE002CB9F4 /* FileCell.swift */; };
		375C60EB219E361D002CB9F4 /* File.swift in Sources */ = {isa = PBXBuildFile; fileRef = 375C60EA219E361D002CB9F4 /* File.swift */; };
		375C60FC219E5927002CB9F4 /* Antlr4.framework in Frameworks */ = {isa = PBXBuildFile; fileRef = 375C60F5219E582B002CB9F4 /* Antlr4.framework */; };
		375C60FD219E5B50002CB9F4 /* Antlr4.framework in Frameworks */ = {isa = PBXBuildFile; fileRef = 375C60F5219E582B002CB9F4 /* Antlr4.framework */; };
		375C60FE219E5B50002CB9F4 /* Antlr4.framework in Embed Frameworks */ = {isa = PBXBuildFile; fileRef = 375C60F5219E582B002CB9F4 /* Antlr4.framework */; settings = {ATTRIBUTES = (CodeSignOnCopy, RemoveHeadersOnCopy, ); }; };
		375C610321A2A0FF002CB9F4 /* Dictionary+Ext.swift in Sources */ = {isa = PBXBuildFile; fileRef = 375C610221A2A0FF002CB9F4 /* Dictionary+Ext.swift */; };
		378FFABA2174311100EC10AE /* Typealiases.swift in Sources */ = {isa = PBXBuildFile; fileRef = 378FFAB92174311100EC10AE /* Typealiases.swift */; };
		378FFABD2174443500EC10AE /* SemanticCube.json in Resources */ = {isa = PBXBuildFile; fileRef = 378FFABC2174443400EC10AE /* SemanticCube.json */; };
		379DB621219CFDB900582502 /* Stack.swift in Sources */ = {isa = PBXBuildFile; fileRef = 379DB620219CFDB900582502 /* Stack.swift */; };
		37DBFCD82175803C007433AE /* Walker.swift in Sources */ = {isa = PBXBuildFile; fileRef = 37DBFCD72175803C007433AE /* Walker.swift */; };
		37DBFCDD21758228007433AE /* Wizard.swift in Sources */ = {isa = PBXBuildFile; fileRef = 37DBFCDC21758228007433AE /* Wizard.swift */; };
		37DBFD162178378E007433AE /* Memory.swift in Sources */ = {isa = PBXBuildFile; fileRef = 37DBFD152178378E007433AE /* Memory.swift */; };
		37DBFD1D2178E14F007433AE /* Quadruple.swift in Sources */ = {isa = PBXBuildFile; fileRef = 37DBFD1C2178E14F007433AE /* Quadruple.swift */; };
		37DE8528219A8E0D00AA2FDC /* String+Ext.swift in Sources */ = {isa = PBXBuildFile; fileRef = 37DE8527219A8E0D00AA2FDC /* String+Ext.swift */; };
		37ECDF192190C74900984782 /* Operators.swift in Sources */ = {isa = PBXBuildFile; fileRef = 37ECDF182190C74900984782 /* Operators.swift */; };
		37ECDF1F2190E46000984782 /* Type.swift in Sources */ = {isa = PBXBuildFile; fileRef = 37ECDF1E2190E46000984782 /* Type.swift */; };
		37ECDF212190F09A00984782 /* ColorConstants.swift in Sources */ = {isa = PBXBuildFile; fileRef = 37ECDF202190F09A00984782 /* ColorConstants.swift */; };
		37ECDF242191142D00984782 /* EditorVC.swift in Sources */ = {isa = PBXBuildFile; fileRef = 37ECDF232191142D00984782 /* EditorVC.swift */; };
		37F847D92187BF3A009ADBFB /* Mapache.g4 in Resources */ = {isa = PBXBuildFile; fileRef = 37F847CE2187BF3A009ADBFB /* Mapache.g4 */; };
		37F847DA2187BF3A009ADBFB /* MapacheListener.swift in Sources */ = {isa = PBXBuildFile; fileRef = 37F847CF2187BF3A009ADBFB /* MapacheListener.swift */; };
		37F847DB2187BF3A009ADBFB /* Mapache.interp in Resources */ = {isa = PBXBuildFile; fileRef = 37F847D02187BF3A009ADBFB /* Mapache.interp */; };
		37F847DC2187BF3A009ADBFB /* MapacheLexer.tokens in Resources */ = {isa = PBXBuildFile; fileRef = 37F847D12187BF3A009ADBFB /* MapacheLexer.tokens */; };
		37F847DD2187BF3A009ADBFB /* MapacheLexer.swift in Sources */ = {isa = PBXBuildFile; fileRef = 37F847D22187BF3A009ADBFB /* MapacheLexer.swift */; };
		37F847DE2187BF3A009ADBFB /* Mapache.tokens in Resources */ = {isa = PBXBuildFile; fileRef = 37F847D32187BF3A009ADBFB /* Mapache.tokens */; };
		37F847DF2187BF3A009ADBFB /* MapacheParser.swift in Sources */ = {isa = PBXBuildFile; fileRef = 37F847D42187BF3A009ADBFB /* MapacheParser.swift */; };
		37F847E02187BF3A009ADBFB /* MapacheBaseListener.swift in Sources */ = {isa = PBXBuildFile; fileRef = 37F847D52187BF3A009ADBFB /* MapacheBaseListener.swift */; };
		37F847E12187BF3A009ADBFB /* MapacheLexerATN.swift in Sources */ = {isa = PBXBuildFile; fileRef = 37F847D62187BF3A009ADBFB /* MapacheLexerATN.swift */; };
		37F847E22187BF3A009ADBFB /* MapacheLexer.interp in Resources */ = {isa = PBXBuildFile; fileRef = 37F847D72187BF3A009ADBFB /* MapacheLexer.interp */; };
		37F847E32187BF3A009ADBFB /* MapacheParserATN.swift in Sources */ = {isa = PBXBuildFile; fileRef = 37F847D82187BF3A009ADBFB /* MapacheParserATN.swift */; };
		F527EB3621940C7B00E7E4D6 /* VirtualMachine.swift in Sources */ = {isa = PBXBuildFile; fileRef = F527EB3521940C7B00E7E4D6 /* VirtualMachine.swift */; };
		F55EB9272187E02200180F79 /* Dimension.swift in Sources */ = {isa = PBXBuildFile; fileRef = F55EB9262187E02200180F79 /* Dimension.swift */; };
/* End PBXBuildFile section */

/* Begin PBXContainerItemProxy section */
		373958362166D7F10030470E /* PBXContainerItemProxy */ = {
			isa = PBXContainerItemProxy;
			containerPortal = 373958192166D7F00030470E /* Project object */;
			proxyType = 1;
			remoteGlobalIDString = 373958202166D7F00030470E;
			remoteInfo = Mapache;
		};
		373958412166D7F10030470E /* PBXContainerItemProxy */ = {
			isa = PBXContainerItemProxy;
			containerPortal = 373958192166D7F00030470E /* Project object */;
			proxyType = 1;
			remoteGlobalIDString = 373958202166D7F00030470E;
			remoteInfo = Mapache;
		};
		375C60F4219E582B002CB9F4 /* PBXContainerItemProxy */ = {
			isa = PBXContainerItemProxy;
			containerPortal = 375C60ED219E582B002CB9F4 /* Antlr4.xcodeproj */;
			proxyType = 2;
			remoteGlobalIDString = "Antlr4::Antlr4::Product";
			remoteInfo = Antlr4;
		};
		375C60F6219E582B002CB9F4 /* PBXContainerItemProxy */ = {
			isa = PBXContainerItemProxy;
			containerPortal = 375C60ED219E582B002CB9F4 /* Antlr4.xcodeproj */;
			proxyType = 2;
			remoteGlobalIDString = "Antlr4::Antlr4Tests::Product";
			remoteInfo = Antlr4Tests;
		};
		375C60FA219E591A002CB9F4 /* PBXContainerItemProxy */ = {
			isa = PBXContainerItemProxy;
			containerPortal = 375C60ED219E582B002CB9F4 /* Antlr4.xcodeproj */;
			proxyType = 1;
			remoteGlobalIDString = "Antlr4::Antlr4";
			remoteInfo = Antlr4;
		};
		375C60FF219E5B50002CB9F4 /* PBXContainerItemProxy */ = {
			isa = PBXContainerItemProxy;
			containerPortal = 375C60ED219E582B002CB9F4 /* Antlr4.xcodeproj */;
			proxyType = 1;
			remoteGlobalIDString = "Antlr4::Antlr4";
			remoteInfo = Antlr4;
		};
/* End PBXContainerItemProxy section */

/* Begin PBXCopyFilesBuildPhase section */
		375C6101219E5B50002CB9F4 /* Embed Frameworks */ = {
			isa = PBXCopyFilesBuildPhase;
			buildActionMask = 2147483647;
			dstPath = "";
			dstSubfolderSpec = 10;
			files = (
				375C60FE219E5B50002CB9F4 /* Antlr4.framework in Embed Frameworks */,
			);
			name = "Embed Frameworks";
			runOnlyForDeploymentPostprocessing = 0;
		};
/* End PBXCopyFilesBuildPhase section */

/* Begin PBXFileReference section */
		029C5D5F50E7651C1EA07116 /* Pods-MapacheUITests.release.xcconfig */ = {isa = PBXFileReference; includeInIndex = 1; lastKnownFileType = text.xcconfig; name = "Pods-MapacheUITests.release.xcconfig"; path = "Pods/Target Support Files/Pods-MapacheUITests/Pods-MapacheUITests.release.xcconfig"; sourceTree = "<group>"; };
		0A28EEC2E6E62D2100FADBFE /* Pods-MapacheTests.release.xcconfig */ = {isa = PBXFileReference; includeInIndex = 1; lastKnownFileType = text.xcconfig; name = "Pods-MapacheTests.release.xcconfig"; path = "Pods/Target Support Files/Pods-MapacheTests/Pods-MapacheTests.release.xcconfig"; sourceTree = "<group>"; };
		22A3A524CA097A8C033F9ACC /* Pods_Mapache.framework */ = {isa = PBXFileReference; explicitFileType = wrapper.framework; includeInIndex = 0; path = Pods_Mapache.framework; sourceTree = BUILT_PRODUCTS_DIR; };
		373958212166D7F00030470E /* Mapache.app */ = {isa = PBXFileReference; explicitFileType = wrapper.application; includeInIndex = 0; path = Mapache.app; sourceTree = BUILT_PRODUCTS_DIR; };
		373958242166D7F00030470E /* AppDelegate.swift */ = {isa = PBXFileReference; lastKnownFileType = sourcecode.swift; path = AppDelegate.swift; sourceTree = "<group>"; };
		373958262166D7F00030470E /* HomeVC.swift */ = {isa = PBXFileReference; lastKnownFileType = sourcecode.swift; path = HomeVC.swift; sourceTree = "<group>"; };
		373958292166D7F00030470E /* Base */ = {isa = PBXFileReference; lastKnownFileType = file.storyboard; name = Base; path = Base.lproj/Main.storyboard; sourceTree = "<group>"; };
		3739582B2166D7F10030470E /* Assets.xcassets */ = {isa = PBXFileReference; lastKnownFileType = folder.assetcatalog; path = Assets.xcassets; sourceTree = "<group>"; };
		3739582E2166D7F10030470E /* Base */ = {isa = PBXFileReference; lastKnownFileType = file.storyboard; name = Base; path = Base.lproj/LaunchScreen.storyboard; sourceTree = "<group>"; };
		373958302166D7F10030470E /* Info.plist */ = {isa = PBXFileReference; lastKnownFileType = text.plist.xml; path = Info.plist; sourceTree = "<group>"; };
		373958352166D7F10030470E /* MapacheTests.xctest */ = {isa = PBXFileReference; explicitFileType = wrapper.cfbundle; includeInIndex = 0; path = MapacheTests.xctest; sourceTree = BUILT_PRODUCTS_DIR; };
		373958392166D7F10030470E /* MapacheTests.swift */ = {isa = PBXFileReference; lastKnownFileType = sourcecode.swift; path = MapacheTests.swift; sourceTree = "<group>"; };
		3739583B2166D7F10030470E /* Info.plist */ = {isa = PBXFileReference; lastKnownFileType = text.plist.xml; path = Info.plist; sourceTree = "<group>"; };
		373958402166D7F10030470E /* MapacheUITests.xctest */ = {isa = PBXFileReference; explicitFileType = wrapper.cfbundle; includeInIndex = 0; path = MapacheUITests.xctest; sourceTree = BUILT_PRODUCTS_DIR; };
		373958442166D7F10030470E /* MapacheUITests.swift */ = {isa = PBXFileReference; lastKnownFileType = sourcecode.swift; path = MapacheUITests.swift; sourceTree = "<group>"; };
		373958462166D7F10030470E /* Info.plist */ = {isa = PBXFileReference; lastKnownFileType = text.plist.xml; path = Info.plist; sourceTree = "<group>"; };
		373958522166D8940030470E /* Variable.swift */ = {isa = PBXFileReference; lastKnownFileType = sourcecode.swift; path = Variable.swift; sourceTree = "<group>"; };
		373958542166D89D0030470E /* Function.swift */ = {isa = PBXFileReference; lastKnownFileType = sourcecode.swift; path = Function.swift; sourceTree = "<group>"; };
		375C60E5219E35CF002CB9F4 /* RoundedView.swift */ = {isa = PBXFileReference; lastKnownFileType = sourcecode.swift; path = RoundedView.swift; sourceTree = "<group>"; };
		375C60E7219E35EE002CB9F4 /* FileCell.swift */ = {isa = PBXFileReference; lastKnownFileType = sourcecode.swift; path = FileCell.swift; sourceTree = "<group>"; };
		375C60EA219E361D002CB9F4 /* File.swift */ = {isa = PBXFileReference; lastKnownFileType = sourcecode.swift; path = File.swift; sourceTree = "<group>"; };
		375C60ED219E582B002CB9F4 /* Antlr4.xcodeproj */ = {isa = PBXFileReference; lastKnownFileType = "wrapper.pb-project"; name = Antlr4.xcodeproj; path = ../../antlr4/runtime/Swift/Antlr4.xcodeproj; sourceTree = "<group>"; };
		375C610221A2A0FF002CB9F4 /* Dictionary+Ext.swift */ = {isa = PBXFileReference; lastKnownFileType = sourcecode.swift; path = "Dictionary+Ext.swift"; sourceTree = "<group>"; };
		378FFAB92174311100EC10AE /* Typealiases.swift */ = {isa = PBXFileReference; lastKnownFileType = sourcecode.swift; path = Typealiases.swift; sourceTree = "<group>"; };
		378FFABC2174443400EC10AE /* SemanticCube.json */ = {isa = PBXFileReference; fileEncoding = 4; lastKnownFileType = text.json; path = SemanticCube.json; sourceTree = "<group>"; };
		379DB620219CFDB900582502 /* Stack.swift */ = {isa = PBXFileReference; lastKnownFileType = sourcecode.swift; path = Stack.swift; sourceTree = "<group>"; };
		37DBFCD72175803C007433AE /* Walker.swift */ = {isa = PBXFileReference; lastKnownFileType = sourcecode.swift; path = Walker.swift; sourceTree = "<group>"; };
		37DBFCDC21758228007433AE /* Wizard.swift */ = {isa = PBXFileReference; lastKnownFileType = sourcecode.swift; path = Wizard.swift; sourceTree = "<group>"; };
		37DBFD152178378E007433AE /* Memory.swift */ = {isa = PBXFileReference; lastKnownFileType = sourcecode.swift; path = Memory.swift; sourceTree = "<group>"; };
		37DBFD1C2178E14F007433AE /* Quadruple.swift */ = {isa = PBXFileReference; lastKnownFileType = sourcecode.swift; path = Quadruple.swift; sourceTree = "<group>"; };
		37DE8527219A8E0D00AA2FDC /* String+Ext.swift */ = {isa = PBXFileReference; lastKnownFileType = sourcecode.swift; path = "String+Ext.swift"; sourceTree = "<group>"; };
		37ECDF182190C74900984782 /* Operators.swift */ = {isa = PBXFileReference; lastKnownFileType = sourcecode.swift; path = Operators.swift; sourceTree = "<group>"; };
		37ECDF1E2190E46000984782 /* Type.swift */ = {isa = PBXFileReference; lastKnownFileType = sourcecode.swift; path = Type.swift; sourceTree = "<group>"; };
		37ECDF202190F09A00984782 /* ColorConstants.swift */ = {isa = PBXFileReference; lastKnownFileType = sourcecode.swift; path = ColorConstants.swift; sourceTree = "<group>"; };
		37ECDF232191142D00984782 /* EditorVC.swift */ = {isa = PBXFileReference; lastKnownFileType = sourcecode.swift; path = EditorVC.swift; sourceTree = "<group>"; };
		37F847CE2187BF3A009ADBFB /* Mapache.g4 */ = {isa = PBXFileReference; fileEncoding = 4; lastKnownFileType = text; path = Mapache.g4; sourceTree = "<group>"; };
		37F847CF2187BF3A009ADBFB /* MapacheListener.swift */ = {isa = PBXFileReference; fileEncoding = 4; lastKnownFileType = sourcecode.swift; path = MapacheListener.swift; sourceTree = "<group>"; };
		37F847D02187BF3A009ADBFB /* Mapache.interp */ = {isa = PBXFileReference; fileEncoding = 4; lastKnownFileType = text; path = Mapache.interp; sourceTree = "<group>"; };
		37F847D12187BF3A009ADBFB /* MapacheLexer.tokens */ = {isa = PBXFileReference; fileEncoding = 4; lastKnownFileType = text; path = MapacheLexer.tokens; sourceTree = "<group>"; };
		37F847D22187BF3A009ADBFB /* MapacheLexer.swift */ = {isa = PBXFileReference; fileEncoding = 4; lastKnownFileType = sourcecode.swift; path = MapacheLexer.swift; sourceTree = "<group>"; };
		37F847D32187BF3A009ADBFB /* Mapache.tokens */ = {isa = PBXFileReference; fileEncoding = 4; lastKnownFileType = text; path = Mapache.tokens; sourceTree = "<group>"; };
		37F847D42187BF3A009ADBFB /* MapacheParser.swift */ = {isa = PBXFileReference; fileEncoding = 4; lastKnownFileType = sourcecode.swift; path = MapacheParser.swift; sourceTree = "<group>"; };
		37F847D52187BF3A009ADBFB /* MapacheBaseListener.swift */ = {isa = PBXFileReference; fileEncoding = 4; lastKnownFileType = sourcecode.swift; path = MapacheBaseListener.swift; sourceTree = "<group>"; };
		37F847D62187BF3A009ADBFB /* MapacheLexerATN.swift */ = {isa = PBXFileReference; fileEncoding = 4; lastKnownFileType = sourcecode.swift; path = MapacheLexerATN.swift; sourceTree = "<group>"; };
		37F847D72187BF3A009ADBFB /* MapacheLexer.interp */ = {isa = PBXFileReference; fileEncoding = 4; lastKnownFileType = text; path = MapacheLexer.interp; sourceTree = "<group>"; };
		37F847D82187BF3A009ADBFB /* MapacheParserATN.swift */ = {isa = PBXFileReference; fileEncoding = 4; lastKnownFileType = sourcecode.swift; path = MapacheParserATN.swift; sourceTree = "<group>"; };
		56C0634809D4062989D635B8 /* Pods_MapacheUITests.framework */ = {isa = PBXFileReference; explicitFileType = wrapper.framework; includeInIndex = 0; path = Pods_MapacheUITests.framework; sourceTree = BUILT_PRODUCTS_DIR; };
		8BAB77F7F67A0CAC129BB25E /* Pods-Mapache.debug.xcconfig */ = {isa = PBXFileReference; includeInIndex = 1; lastKnownFileType = text.xcconfig; name = "Pods-Mapache.debug.xcconfig"; path = "Pods/Target Support Files/Pods-Mapache/Pods-Mapache.debug.xcconfig"; sourceTree = "<group>"; };
		946B35C98E558FA4F9448482 /* Pods-Mapache.release.xcconfig */ = {isa = PBXFileReference; includeInIndex = 1; lastKnownFileType = text.xcconfig; name = "Pods-Mapache.release.xcconfig"; path = "Pods/Target Support Files/Pods-Mapache/Pods-Mapache.release.xcconfig"; sourceTree = "<group>"; };
		AA7D82985F9FEEE89A6AA51A /* Pods_MapacheTests.framework */ = {isa = PBXFileReference; explicitFileType = wrapper.framework; includeInIndex = 0; path = Pods_MapacheTests.framework; sourceTree = BUILT_PRODUCTS_DIR; };
		D10C9FF88489BD79BAB4410A /* Pods-MapacheUITests.debug.xcconfig */ = {isa = PBXFileReference; includeInIndex = 1; lastKnownFileType = text.xcconfig; name = "Pods-MapacheUITests.debug.xcconfig"; path = "Pods/Target Support Files/Pods-MapacheUITests/Pods-MapacheUITests.debug.xcconfig"; sourceTree = "<group>"; };
		F527EB3521940C7B00E7E4D6 /* VirtualMachine.swift */ = {isa = PBXFileReference; lastKnownFileType = sourcecode.swift; path = VirtualMachine.swift; sourceTree = "<group>"; };
		F55EB9262187E02200180F79 /* Dimension.swift */ = {isa = PBXFileReference; lastKnownFileType = sourcecode.swift; path = Dimension.swift; sourceTree = "<group>"; };
		FDE960DB750E53919CD4905D /* Pods-MapacheTests.debug.xcconfig */ = {isa = PBXFileReference; includeInIndex = 1; lastKnownFileType = text.xcconfig; name = "Pods-MapacheTests.debug.xcconfig"; path = "Pods/Target Support Files/Pods-MapacheTests/Pods-MapacheTests.debug.xcconfig"; sourceTree = "<group>"; };
/* End PBXFileReference section */

/* Begin PBXFrameworksBuildPhase section */
		3739581E2166D7F00030470E /* Frameworks */ = {
			isa = PBXFrameworksBuildPhase;
			buildActionMask = 2147483647;
			files = (
				375C60FC219E5927002CB9F4 /* Antlr4.framework in Frameworks */,
				2C5A32E721D1AEE0B2EDAA48 /* Pods_Mapache.framework in Frameworks */,
				375C60FD219E5B50002CB9F4 /* Antlr4.framework in Frameworks */,
			);
			runOnlyForDeploymentPostprocessing = 0;
		};
		373958322166D7F10030470E /* Frameworks */ = {
			isa = PBXFrameworksBuildPhase;
			buildActionMask = 2147483647;
			files = (
				0E4E9EDFD42F96CCF483BE89 /* Pods_MapacheTests.framework in Frameworks */,
			);
			runOnlyForDeploymentPostprocessing = 0;
		};
		3739583D2166D7F10030470E /* Frameworks */ = {
			isa = PBXFrameworksBuildPhase;
			buildActionMask = 2147483647;
			files = (
				318382D1995F795450AE4876 /* Pods_MapacheUITests.framework in Frameworks */,
			);
			runOnlyForDeploymentPostprocessing = 0;
		};
/* End PBXFrameworksBuildPhase section */

/* Begin PBXGroup section */
		372E48FE216FEF97007FC25E /* Frameworks */ = {
			isa = PBXGroup;
			children = (
				22A3A524CA097A8C033F9ACC /* Pods_Mapache.framework */,
				AA7D82985F9FEEE89A6AA51A /* Pods_MapacheTests.framework */,
				56C0634809D4062989D635B8 /* Pods_MapacheUITests.framework */,
			);
			name = Frameworks;
			sourceTree = "<group>";
		};
		373958182166D7F00030470E = {
			isa = PBXGroup;
			children = (
				375C60ED219E582B002CB9F4 /* Antlr4.xcodeproj */,
				373958232166D7F00030470E /* Mapache */,
				373958382166D7F10030470E /* MapacheTests */,
				373958432166D7F10030470E /* MapacheUITests */,
				373958222166D7F00030470E /* Products */,
				372E48FE216FEF97007FC25E /* Frameworks */,
				97EB1A478DCA582B8D8FF66B /* Pods */,
			);
			sourceTree = "<group>";
		};
		373958222166D7F00030470E /* Products */ = {
			isa = PBXGroup;
			children = (
				373958212166D7F00030470E /* Mapache.app */,
				373958352166D7F10030470E /* MapacheTests.xctest */,
				373958402166D7F10030470E /* MapacheUITests.xctest */,
			);
			name = Products;
			sourceTree = "<group>";
		};
		373958232166D7F00030470E /* Mapache */ = {
			isa = PBXGroup;
			children = (
				375C60E0219E352B002CB9F4 /* App */,
				375C60E4219E3546002CB9F4 /* Compiler */,
				37DE852C219A8E1300AA2FDC /* Extensions */,
				373958282166D7F00030470E /* Main.storyboard */,
				3739582B2166D7F10030470E /* Assets.xcassets */,
				3739582D2166D7F10030470E /* LaunchScreen.storyboard */,
				373958302166D7F10030470E /* Info.plist */,
			);
			path = Mapache;
			sourceTree = "<group>";
		};
		373958382166D7F10030470E /* MapacheTests */ = {
			isa = PBXGroup;
			children = (
				373958392166D7F10030470E /* MapacheTests.swift */,
				3739583B2166D7F10030470E /* Info.plist */,
			);
			path = MapacheTests;
			sourceTree = "<group>";
		};
		373958432166D7F10030470E /* MapacheUITests */ = {
			isa = PBXGroup;
			children = (
				373958442166D7F10030470E /* MapacheUITests.swift */,
				373958462166D7F10030470E /* Info.plist */,
			);
			path = MapacheUITests;
			sourceTree = "<group>";
		};
		375C60E0219E352B002CB9F4 /* App */ = {
			isa = PBXGroup;
			children = (
				373958242166D7F00030470E /* AppDelegate.swift */,
				375C60EC219E3720002CB9F4 /* Models */,
				375C60E9219E35F9002CB9F4 /* Views */,
				37ECDF222191140A00984782 /* Controllers */,
			);
			path = App;
			sourceTree = "<group>";
		};
		375C60E4219E3546002CB9F4 /* Compiler */ = {
			isa = PBXGroup;
			children = (
				37F847CD2187BF3A009ADBFB /* Grammar */,
				378FFAB92174311100EC10AE /* Typealiases.swift */,
				37DBFCD72175803C007433AE /* Walker.swift */,
				37DBFCDC21758228007433AE /* Wizard.swift */,
				F527EB3521940C7B00E7E4D6 /* VirtualMachine.swift */,
				37DBFD152178378E007433AE /* Memory.swift */,
				37ECDF1D2190E44600984782 /* Enums */,
				37F847C92187BDA9009ADBFB /* Models */,
				378FFABB2174440900EC10AE /* Resources */,
			);
			path = Compiler;
			sourceTree = "<group>";
		};
		375C60E9219E35F9002CB9F4 /* Views */ = {
			isa = PBXGroup;
			children = (
				375C60E5219E35CF002CB9F4 /* RoundedView.swift */,
				375C60E7219E35EE002CB9F4 /* FileCell.swift */,
			);
			path = Views;
			sourceTree = "<group>";
		};
		375C60EC219E3720002CB9F4 /* Models */ = {
			isa = PBXGroup;
			children = (
				375C60EA219E361D002CB9F4 /* File.swift */,
			);
			path = Models;
			sourceTree = "<group>";
		};
		375C60EE219E582B002CB9F4 /* Products */ = {
			isa = PBXGroup;
			children = (
				375C60F5219E582B002CB9F4 /* Antlr4.framework */,
				375C60F7219E582B002CB9F4 /* Antlr4Tests.xctest */,
			);
			name = Products;
			sourceTree = "<group>";
		};
		378FFABB2174440900EC10AE /* Resources */ = {
			isa = PBXGroup;
			children = (
				378FFABC2174443400EC10AE /* SemanticCube.json */,
			);
			path = Resources;
			sourceTree = "<group>";
		};
		37DE852C219A8E1300AA2FDC /* Extensions */ = {
			isa = PBXGroup;
			children = (
				37ECDF202190F09A00984782 /* ColorConstants.swift */,
				37DE8527219A8E0D00AA2FDC /* String+Ext.swift */,
				375C610221A2A0FF002CB9F4 /* Dictionary+Ext.swift */,
			);
			path = Extensions;
			sourceTree = "<group>";
		};
		37ECDF1D2190E44600984782 /* Enums */ = {
			isa = PBXGroup;
			children = (
				37ECDF182190C74900984782 /* Operators.swift */,
				37ECDF1E2190E46000984782 /* Type.swift */,
			);
			path = Enums;
			sourceTree = "<group>";
		};
		37ECDF222191140A00984782 /* Controllers */ = {
			isa = PBXGroup;
			children = (
				373958262166D7F00030470E /* HomeVC.swift */,
				37ECDF232191142D00984782 /* EditorVC.swift */,
			);
			path = Controllers;
			sourceTree = "<group>";
		};
		37F847C92187BDA9009ADBFB /* Models */ = {
			isa = PBXGroup;
			children = (
				373958522166D8940030470E /* Variable.swift */,
				379DB620219CFDB900582502 /* Stack.swift */,
				F55EB9262187E02200180F79 /* Dimension.swift */,
				373958542166D89D0030470E /* Function.swift */,
				37DBFD1C2178E14F007433AE /* Quadruple.swift */,
			);
			path = Models;
			sourceTree = "<group>";
		};
		37F847CD2187BF3A009ADBFB /* Grammar */ = {
			isa = PBXGroup;
			children = (
				37F847CE2187BF3A009ADBFB /* Mapache.g4 */,
				37F847CF2187BF3A009ADBFB /* MapacheListener.swift */,
				37F847D02187BF3A009ADBFB /* Mapache.interp */,
				37F847D12187BF3A009ADBFB /* MapacheLexer.tokens */,
				37F847D22187BF3A009ADBFB /* MapacheLexer.swift */,
				37F847D32187BF3A009ADBFB /* Mapache.tokens */,
				37F847D42187BF3A009ADBFB /* MapacheParser.swift */,
				37F847D52187BF3A009ADBFB /* MapacheBaseListener.swift */,
				37F847D62187BF3A009ADBFB /* MapacheLexerATN.swift */,
				37F847D72187BF3A009ADBFB /* MapacheLexer.interp */,
				37F847D82187BF3A009ADBFB /* MapacheParserATN.swift */,
			);
			path = Grammar;
			sourceTree = "<group>";
		};
		97EB1A478DCA582B8D8FF66B /* Pods */ = {
			isa = PBXGroup;
			children = (
				8BAB77F7F67A0CAC129BB25E /* Pods-Mapache.debug.xcconfig */,
				946B35C98E558FA4F9448482 /* Pods-Mapache.release.xcconfig */,
				FDE960DB750E53919CD4905D /* Pods-MapacheTests.debug.xcconfig */,
				0A28EEC2E6E62D2100FADBFE /* Pods-MapacheTests.release.xcconfig */,
				D10C9FF88489BD79BAB4410A /* Pods-MapacheUITests.debug.xcconfig */,
				029C5D5F50E7651C1EA07116 /* Pods-MapacheUITests.release.xcconfig */,
			);
			name = Pods;
			sourceTree = "<group>";
		};
/* End PBXGroup section */

/* Begin PBXNativeTarget section */
		373958202166D7F00030470E /* Mapache */ = {
			isa = PBXNativeTarget;
			buildConfigurationList = 373958492166D7F10030470E /* Build configuration list for PBXNativeTarget "Mapache" */;
			buildPhases = (
				68BF7E903D5AFC01B651BB50 /* [CP] Check Pods Manifest.lock */,
				3739581D2166D7F00030470E /* Sources */,
				3739581E2166D7F00030470E /* Frameworks */,
				3739581F2166D7F00030470E /* Resources */,
				646212EE95A50C2C1C66EC74 /* [CP] Embed Pods Frameworks */,
				375C6101219E5B50002CB9F4 /* Embed Frameworks */,
			);
			buildRules = (
			);
			dependencies = (
				375C60FB219E591A002CB9F4 /* PBXTargetDependency */,
				375C6100219E5B50002CB9F4 /* PBXTargetDependency */,
			);
			name = Mapache;
			productName = Mapache;
			productReference = 373958212166D7F00030470E /* Mapache.app */;
			productType = "com.apple.product-type.application";
		};
		373958342166D7F10030470E /* MapacheTests */ = {
			isa = PBXNativeTarget;
			buildConfigurationList = 3739584C2166D7F10030470E /* Build configuration list for PBXNativeTarget "MapacheTests" */;
			buildPhases = (
				E66D6485980C35657DAF1922 /* [CP] Check Pods Manifest.lock */,
				373958312166D7F10030470E /* Sources */,
				373958322166D7F10030470E /* Frameworks */,
				373958332166D7F10030470E /* Resources */,
			);
			buildRules = (
			);
			dependencies = (
				373958372166D7F10030470E /* PBXTargetDependency */,
			);
			name = MapacheTests;
			productName = MapacheTests;
			productReference = 373958352166D7F10030470E /* MapacheTests.xctest */;
			productType = "com.apple.product-type.bundle.unit-test";
		};
		3739583F2166D7F10030470E /* MapacheUITests */ = {
			isa = PBXNativeTarget;
			buildConfigurationList = 3739584F2166D7F10030470E /* Build configuration list for PBXNativeTarget "MapacheUITests" */;
			buildPhases = (
				E61FD5F42DA48C2B524A15FA /* [CP] Check Pods Manifest.lock */,
				3739583C2166D7F10030470E /* Sources */,
				3739583D2166D7F10030470E /* Frameworks */,
				3739583E2166D7F10030470E /* Resources */,
			);
			buildRules = (
			);
			dependencies = (
				373958422166D7F10030470E /* PBXTargetDependency */,
			);
			name = MapacheUITests;
			productName = MapacheUITests;
			productReference = 373958402166D7F10030470E /* MapacheUITests.xctest */;
			productType = "com.apple.product-type.bundle.ui-testing";
		};
/* End PBXNativeTarget section */

/* Begin PBXProject section */
		373958192166D7F00030470E /* Project object */ = {
			isa = PBXProject;
			attributes = {
				LastSwiftUpdateCheck = 1000;
				LastUpgradeCheck = 1000;
				ORGANIZATIONNAME = "Luis Salazar";
				TargetAttributes = {
					373958202166D7F00030470E = {
						CreatedOnToolsVersion = 10.0;
					};
					373958342166D7F10030470E = {
						CreatedOnToolsVersion = 10.0;
						TestTargetID = 373958202166D7F00030470E;
					};
					3739583F2166D7F10030470E = {
						CreatedOnToolsVersion = 10.0;
						TestTargetID = 373958202166D7F00030470E;
					};
				};
			};
			buildConfigurationList = 3739581C2166D7F00030470E /* Build configuration list for PBXProject "Mapache" */;
			compatibilityVersion = "Xcode 9.3";
			developmentRegion = en;
			hasScannedForEncodings = 0;
			knownRegions = (
				en,
				Base,
			);
			mainGroup = 373958182166D7F00030470E;
			productRefGroup = 373958222166D7F00030470E /* Products */;
			projectDirPath = "";
			projectReferences = (
				{
					ProductGroup = 375C60EE219E582B002CB9F4 /* Products */;
					ProjectRef = 375C60ED219E582B002CB9F4 /* Antlr4.xcodeproj */;
				},
			);
			projectRoot = "";
			targets = (
				373958202166D7F00030470E /* Mapache */,
				373958342166D7F10030470E /* MapacheTests */,
				3739583F2166D7F10030470E /* MapacheUITests */,
			);
		};
/* End PBXProject section */

/* Begin PBXReferenceProxy section */
		375C60F5219E582B002CB9F4 /* Antlr4.framework */ = {
			isa = PBXReferenceProxy;
			fileType = wrapper.framework;
			path = Antlr4.framework;
			remoteRef = 375C60F4219E582B002CB9F4 /* PBXContainerItemProxy */;
			sourceTree = BUILT_PRODUCTS_DIR;
		};
		375C60F7219E582B002CB9F4 /* Antlr4Tests.xctest */ = {
			isa = PBXReferenceProxy;
			fileType = file;
			path = Antlr4Tests.xctest;
			remoteRef = 375C60F6219E582B002CB9F4 /* PBXContainerItemProxy */;
			sourceTree = BUILT_PRODUCTS_DIR;
		};
/* End PBXReferenceProxy section */

/* Begin PBXResourcesBuildPhase section */
		3739581F2166D7F00030470E /* Resources */ = {
			isa = PBXResourcesBuildPhase;
			buildActionMask = 2147483647;
			files = (
				3739582F2166D7F10030470E /* LaunchScreen.storyboard in Resources */,
				37F847DB2187BF3A009ADBFB /* Mapache.interp in Resources */,
				378FFABD2174443500EC10AE /* SemanticCube.json in Resources */,
				37F847DC2187BF3A009ADBFB /* MapacheLexer.tokens in Resources */,
				3739582C2166D7F10030470E /* Assets.xcassets in Resources */,
				3739582A2166D7F00030470E /* Main.storyboard in Resources */,
				37F847E22187BF3A009ADBFB /* MapacheLexer.interp in Resources */,
				37F847D92187BF3A009ADBFB /* Mapache.g4 in Resources */,
				37F847DE2187BF3A009ADBFB /* Mapache.tokens in Resources */,
			);
			runOnlyForDeploymentPostprocessing = 0;
		};
		373958332166D7F10030470E /* Resources */ = {
			isa = PBXResourcesBuildPhase;
			buildActionMask = 2147483647;
			files = (
			);
			runOnlyForDeploymentPostprocessing = 0;
		};
		3739583E2166D7F10030470E /* Resources */ = {
			isa = PBXResourcesBuildPhase;
			buildActionMask = 2147483647;
			files = (
			);
			runOnlyForDeploymentPostprocessing = 0;
		};
/* End PBXResourcesBuildPhase section */

/* Begin PBXShellScriptBuildPhase section */
		646212EE95A50C2C1C66EC74 /* [CP] Embed Pods Frameworks */ = {
			isa = PBXShellScriptBuildPhase;
			buildActionMask = 2147483647;
			files = (
			);
			inputFileListPaths = (
			);
			inputPaths = (
				"${SRCROOT}/Pods/Target Support Files/Pods-Mapache/Pods-Mapache-frameworks.sh",
				"${BUILT_PRODUCTS_DIR}/SwiftyJSON/SwiftyJSON.framework",
			);
			name = "[CP] Embed Pods Frameworks";
			outputFileListPaths = (
			);
			outputPaths = (
				"${TARGET_BUILD_DIR}/${FRAMEWORKS_FOLDER_PATH}/SwiftyJSON.framework",
			);
			runOnlyForDeploymentPostprocessing = 0;
			shellPath = /bin/sh;
			shellScript = "\"${SRCROOT}/Pods/Target Support Files/Pods-Mapache/Pods-Mapache-frameworks.sh\"\n";
			showEnvVarsInLog = 0;
		};
		68BF7E903D5AFC01B651BB50 /* [CP] Check Pods Manifest.lock */ = {
			isa = PBXShellScriptBuildPhase;
			buildActionMask = 2147483647;
			files = (
			);
			inputFileListPaths = (
			);
			inputPaths = (
				"${PODS_PODFILE_DIR_PATH}/Podfile.lock",
				"${PODS_ROOT}/Manifest.lock",
			);
			name = "[CP] Check Pods Manifest.lock";
			outputFileListPaths = (
			);
			outputPaths = (
				"$(DERIVED_FILE_DIR)/Pods-Mapache-checkManifestLockResult.txt",
			);
			runOnlyForDeploymentPostprocessing = 0;
			shellPath = /bin/sh;
			shellScript = "diff \"${PODS_PODFILE_DIR_PATH}/Podfile.lock\" \"${PODS_ROOT}/Manifest.lock\" > /dev/null\nif [ $? != 0 ] ; then\n    # print error to STDERR\n    echo \"error: The sandbox is not in sync with the Podfile.lock. Run 'pod install' or update your CocoaPods installation.\" >&2\n    exit 1\nfi\n# This output is used by Xcode 'outputs' to avoid re-running this script phase.\necho \"SUCCESS\" > \"${SCRIPT_OUTPUT_FILE_0}\"\n";
			showEnvVarsInLog = 0;
		};
		E61FD5F42DA48C2B524A15FA /* [CP] Check Pods Manifest.lock */ = {
			isa = PBXShellScriptBuildPhase;
			buildActionMask = 2147483647;
			files = (
			);
			inputFileListPaths = (
			);
			inputPaths = (
				"${PODS_PODFILE_DIR_PATH}/Podfile.lock",
				"${PODS_ROOT}/Manifest.lock",
			);
			name = "[CP] Check Pods Manifest.lock";
			outputFileListPaths = (
			);
			outputPaths = (
				"$(DERIVED_FILE_DIR)/Pods-MapacheUITests-checkManifestLockResult.txt",
			);
			runOnlyForDeploymentPostprocessing = 0;
			shellPath = /bin/sh;
			shellScript = "diff \"${PODS_PODFILE_DIR_PATH}/Podfile.lock\" \"${PODS_ROOT}/Manifest.lock\" > /dev/null\nif [ $? != 0 ] ; then\n    # print error to STDERR\n    echo \"error: The sandbox is not in sync with the Podfile.lock. Run 'pod install' or update your CocoaPods installation.\" >&2\n    exit 1\nfi\n# This output is used by Xcode 'outputs' to avoid re-running this script phase.\necho \"SUCCESS\" > \"${SCRIPT_OUTPUT_FILE_0}\"\n";
			showEnvVarsInLog = 0;
		};
		E66D6485980C35657DAF1922 /* [CP] Check Pods Manifest.lock */ = {
			isa = PBXShellScriptBuildPhase;
			buildActionMask = 2147483647;
			files = (
			);
			inputFileListPaths = (
			);
			inputPaths = (
				"${PODS_PODFILE_DIR_PATH}/Podfile.lock",
				"${PODS_ROOT}/Manifest.lock",
			);
			name = "[CP] Check Pods Manifest.lock";
			outputFileListPaths = (
			);
			outputPaths = (
				"$(DERIVED_FILE_DIR)/Pods-MapacheTests-checkManifestLockResult.txt",
			);
			runOnlyForDeploymentPostprocessing = 0;
			shellPath = /bin/sh;
			shellScript = "diff \"${PODS_PODFILE_DIR_PATH}/Podfile.lock\" \"${PODS_ROOT}/Manifest.lock\" > /dev/null\nif [ $? != 0 ] ; then\n    # print error to STDERR\n    echo \"error: The sandbox is not in sync with the Podfile.lock. Run 'pod install' or update your CocoaPods installation.\" >&2\n    exit 1\nfi\n# This output is used by Xcode 'outputs' to avoid re-running this script phase.\necho \"SUCCESS\" > \"${SCRIPT_OUTPUT_FILE_0}\"\n";
			showEnvVarsInLog = 0;
		};
/* End PBXShellScriptBuildPhase section */

/* Begin PBXSourcesBuildPhase section */
		3739581D2166D7F00030470E /* Sources */ = {
			isa = PBXSourcesBuildPhase;
			buildActionMask = 2147483647;
			files = (
				373958272166D7F00030470E /* HomeVC.swift in Sources */,
				37F847E12187BF3A009ADBFB /* MapacheLexerATN.swift in Sources */,
				37DBFD162178378E007433AE /* Memory.swift in Sources */,
				379DB621219CFDB900582502 /* Stack.swift in Sources */,
				375C610321A2A0FF002CB9F4 /* Dictionary+Ext.swift in Sources */,
				37F847E32187BF3A009ADBFB /* MapacheParserATN.swift in Sources */,
				373958532166D8940030470E /* Variable.swift in Sources */,
				37DBFCD82175803C007433AE /* Walker.swift in Sources */,
				37DE8528219A8E0D00AA2FDC /* String+Ext.swift in Sources */,
				375C60E6219E35CF002CB9F4 /* RoundedView.swift in Sources */,
				37F847DA2187BF3A009ADBFB /* MapacheListener.swift in Sources */,
				F55EB9272187E02200180F79 /* Dimension.swift in Sources */,
				37ECDF212190F09A00984782 /* ColorConstants.swift in Sources */,
				373958252166D7F00030470E /* AppDelegate.swift in Sources */,
				375C60E8219E35EE002CB9F4 /* FileCell.swift in Sources */,
				37F847E02187BF3A009ADBFB /* MapacheBaseListener.swift in Sources */,
				F527EB3621940C7B00E7E4D6 /* VirtualMachine.swift in Sources */,
				37F847DD2187BF3A009ADBFB /* MapacheLexer.swift in Sources */,
				37ECDF192190C74900984782 /* Operators.swift in Sources */,
				378FFABA2174311100EC10AE /* Typealiases.swift in Sources */,
				37DBFCDD21758228007433AE /* Wizard.swift in Sources */,
				37ECDF1F2190E46000984782 /* Type.swift in Sources */,
				37ECDF242191142D00984782 /* EditorVC.swift in Sources */,
				37DBFD1D2178E14F007433AE /* Quadruple.swift in Sources */,
				375C60EB219E361D002CB9F4 /* File.swift in Sources */,
				37F847DF2187BF3A009ADBFB /* MapacheParser.swift in Sources */,
				373958552166D89D0030470E /* Function.swift in Sources */,
			);
			runOnlyForDeploymentPostprocessing = 0;
		};
		373958312166D7F10030470E /* Sources */ = {
			isa = PBXSourcesBuildPhase;
			buildActionMask = 2147483647;
			files = (
				3739583A2166D7F10030470E /* MapacheTests.swift in Sources */,
			);
			runOnlyForDeploymentPostprocessing = 0;
		};
		3739583C2166D7F10030470E /* Sources */ = {
			isa = PBXSourcesBuildPhase;
			buildActionMask = 2147483647;
			files = (
				373958452166D7F10030470E /* MapacheUITests.swift in Sources */,
			);
			runOnlyForDeploymentPostprocessing = 0;
		};
/* End PBXSourcesBuildPhase section */

/* Begin PBXTargetDependency section */
		373958372166D7F10030470E /* PBXTargetDependency */ = {
			isa = PBXTargetDependency;
			target = 373958202166D7F00030470E /* Mapache */;
			targetProxy = 373958362166D7F10030470E /* PBXContainerItemProxy */;
		};
		373958422166D7F10030470E /* PBXTargetDependency */ = {
			isa = PBXTargetDependency;
			target = 373958202166D7F00030470E /* Mapache */;
			targetProxy = 373958412166D7F10030470E /* PBXContainerItemProxy */;
		};
		375C60FB219E591A002CB9F4 /* PBXTargetDependency */ = {
			isa = PBXTargetDependency;
			name = Antlr4;
			targetProxy = 375C60FA219E591A002CB9F4 /* PBXContainerItemProxy */;
		};
		375C6100219E5B50002CB9F4 /* PBXTargetDependency */ = {
			isa = PBXTargetDependency;
			name = Antlr4;
			targetProxy = 375C60FF219E5B50002CB9F4 /* PBXContainerItemProxy */;
		};
/* End PBXTargetDependency section */

/* Begin PBXVariantGroup section */
		373958282166D7F00030470E /* Main.storyboard */ = {
			isa = PBXVariantGroup;
			children = (
				373958292166D7F00030470E /* Base */,
			);
			name = Main.storyboard;
			sourceTree = "<group>";
		};
		3739582D2166D7F10030470E /* LaunchScreen.storyboard */ = {
			isa = PBXVariantGroup;
			children = (
				3739582E2166D7F10030470E /* Base */,
			);
			name = LaunchScreen.storyboard;
			sourceTree = "<group>";
		};
/* End PBXVariantGroup section */

/* Begin XCBuildConfiguration section */
		373958472166D7F10030470E /* Debug */ = {
			isa = XCBuildConfiguration;
			buildSettings = {
				ALWAYS_SEARCH_USER_PATHS = NO;
				CLANG_ANALYZER_NONNULL = YES;
				CLANG_ANALYZER_NUMBER_OBJECT_CONVERSION = YES_AGGRESSIVE;
				CLANG_CXX_LANGUAGE_STANDARD = "gnu++14";
				CLANG_CXX_LIBRARY = "libc++";
				CLANG_ENABLE_MODULES = YES;
				CLANG_ENABLE_OBJC_ARC = YES;
				CLANG_ENABLE_OBJC_WEAK = YES;
				CLANG_WARN_BLOCK_CAPTURE_AUTORELEASING = YES;
				CLANG_WARN_BOOL_CONVERSION = YES;
				CLANG_WARN_COMMA = YES;
				CLANG_WARN_CONSTANT_CONVERSION = YES;
				CLANG_WARN_DEPRECATED_OBJC_IMPLEMENTATIONS = YES;
				CLANG_WARN_DIRECT_OBJC_ISA_USAGE = YES_ERROR;
				CLANG_WARN_DOCUMENTATION_COMMENTS = YES;
				CLANG_WARN_EMPTY_BODY = YES;
				CLANG_WARN_ENUM_CONVERSION = YES;
				CLANG_WARN_INFINITE_RECURSION = YES;
				CLANG_WARN_INT_CONVERSION = YES;
				CLANG_WARN_NON_LITERAL_NULL_CONVERSION = YES;
				CLANG_WARN_OBJC_IMPLICIT_RETAIN_SELF = YES;
				CLANG_WARN_OBJC_LITERAL_CONVERSION = YES;
				CLANG_WARN_OBJC_ROOT_CLASS = YES_ERROR;
				CLANG_WARN_RANGE_LOOP_ANALYSIS = YES;
				CLANG_WARN_STRICT_PROTOTYPES = YES;
				CLANG_WARN_SUSPICIOUS_MOVE = YES;
				CLANG_WARN_UNGUARDED_AVAILABILITY = YES_AGGRESSIVE;
				CLANG_WARN_UNREACHABLE_CODE = YES;
				CLANG_WARN__DUPLICATE_METHOD_MATCH = YES;
				CODE_SIGN_IDENTITY = "iPhone Developer";
				COPY_PHASE_STRIP = NO;
				DEBUG_INFORMATION_FORMAT = dwarf;
				ENABLE_STRICT_OBJC_MSGSEND = YES;
				ENABLE_TESTABILITY = YES;
				GCC_C_LANGUAGE_STANDARD = gnu11;
				GCC_DYNAMIC_NO_PIC = NO;
				GCC_NO_COMMON_BLOCKS = YES;
				GCC_OPTIMIZATION_LEVEL = 0;
				GCC_PREPROCESSOR_DEFINITIONS = (
					"DEBUG=1",
					"$(inherited)",
				);
				GCC_WARN_64_TO_32_BIT_CONVERSION = YES;
				GCC_WARN_ABOUT_RETURN_TYPE = YES_ERROR;
				GCC_WARN_UNDECLARED_SELECTOR = YES;
				GCC_WARN_UNINITIALIZED_AUTOS = YES_AGGRESSIVE;
				GCC_WARN_UNUSED_FUNCTION = YES;
				GCC_WARN_UNUSED_VARIABLE = YES;
				IPHONEOS_DEPLOYMENT_TARGET = 12.0;
				MTL_ENABLE_DEBUG_INFO = INCLUDE_SOURCE;
				MTL_FAST_MATH = YES;
				ONLY_ACTIVE_ARCH = YES;
				SDKROOT = iphoneos;
				SWIFT_ACTIVE_COMPILATION_CONDITIONS = DEBUG;
				SWIFT_OPTIMIZATION_LEVEL = "-Onone";
			};
			name = Debug;
		};
		373958482166D7F10030470E /* Release */ = {
			isa = XCBuildConfiguration;
			buildSettings = {
				ALWAYS_SEARCH_USER_PATHS = NO;
				CLANG_ANALYZER_NONNULL = YES;
				CLANG_ANALYZER_NUMBER_OBJECT_CONVERSION = YES_AGGRESSIVE;
				CLANG_CXX_LANGUAGE_STANDARD = "gnu++14";
				CLANG_CXX_LIBRARY = "libc++";
				CLANG_ENABLE_MODULES = YES;
				CLANG_ENABLE_OBJC_ARC = YES;
				CLANG_ENABLE_OBJC_WEAK = YES;
				CLANG_WARN_BLOCK_CAPTURE_AUTORELEASING = YES;
				CLANG_WARN_BOOL_CONVERSION = YES;
				CLANG_WARN_COMMA = YES;
				CLANG_WARN_CONSTANT_CONVERSION = YES;
				CLANG_WARN_DEPRECATED_OBJC_IMPLEMENTATIONS = YES;
				CLANG_WARN_DIRECT_OBJC_ISA_USAGE = YES_ERROR;
				CLANG_WARN_DOCUMENTATION_COMMENTS = YES;
				CLANG_WARN_EMPTY_BODY = YES;
				CLANG_WARN_ENUM_CONVERSION = YES;
				CLANG_WARN_INFINITE_RECURSION = YES;
				CLANG_WARN_INT_CONVERSION = YES;
				CLANG_WARN_NON_LITERAL_NULL_CONVERSION = YES;
				CLANG_WARN_OBJC_IMPLICIT_RETAIN_SELF = YES;
				CLANG_WARN_OBJC_LITERAL_CONVERSION = YES;
				CLANG_WARN_OBJC_ROOT_CLASS = YES_ERROR;
				CLANG_WARN_RANGE_LOOP_ANALYSIS = YES;
				CLANG_WARN_STRICT_PROTOTYPES = YES;
				CLANG_WARN_SUSPICIOUS_MOVE = YES;
				CLANG_WARN_UNGUARDED_AVAILABILITY = YES_AGGRESSIVE;
				CLANG_WARN_UNREACHABLE_CODE = YES;
				CLANG_WARN__DUPLICATE_METHOD_MATCH = YES;
				CODE_SIGN_IDENTITY = "iPhone Developer";
				COPY_PHASE_STRIP = NO;
				DEBUG_INFORMATION_FORMAT = "dwarf-with-dsym";
				ENABLE_NS_ASSERTIONS = NO;
				ENABLE_STRICT_OBJC_MSGSEND = YES;
				GCC_C_LANGUAGE_STANDARD = gnu11;
				GCC_NO_COMMON_BLOCKS = YES;
				GCC_WARN_64_TO_32_BIT_CONVERSION = YES;
				GCC_WARN_ABOUT_RETURN_TYPE = YES_ERROR;
				GCC_WARN_UNDECLARED_SELECTOR = YES;
				GCC_WARN_UNINITIALIZED_AUTOS = YES_AGGRESSIVE;
				GCC_WARN_UNUSED_FUNCTION = YES;
				GCC_WARN_UNUSED_VARIABLE = YES;
				IPHONEOS_DEPLOYMENT_TARGET = 12.0;
				MTL_ENABLE_DEBUG_INFO = NO;
				MTL_FAST_MATH = YES;
				SDKROOT = iphoneos;
				SWIFT_COMPILATION_MODE = wholemodule;
				SWIFT_OPTIMIZATION_LEVEL = "-O";
				VALIDATE_PRODUCT = YES;
			};
			name = Release;
		};
		3739584A2166D7F10030470E /* Debug */ = {
			isa = XCBuildConfiguration;
			baseConfigurationReference = 8BAB77F7F67A0CAC129BB25E /* Pods-Mapache.debug.xcconfig */;
			buildSettings = {
				ALWAYS_EMBED_SWIFT_STANDARD_LIBRARIES = YES;
				ASSETCATALOG_COMPILER_APPICON_NAME = AppIcon;
				CODE_SIGN_IDENTITY = "iPhone Developer";
				CODE_SIGN_STYLE = Automatic;
				DEVELOPMENT_TEAM = 9GJY67MQJM;
				INFOPLIST_FILE = Mapache/Info.plist;
				IPHONEOS_DEPLOYMENT_TARGET = 12.1;
				LD_RUNPATH_SEARCH_PATHS = (
					"$(inherited)",
					"@executable_path/Frameworks",
				);
				PRODUCT_BUNDLE_IDENTIFIER = com.lf.Mapache;
				PRODUCT_NAME = "$(TARGET_NAME)";
				PROVISIONING_PROFILE_SPECIFIER = "";
				SWIFT_VERSION = 4.2;
				TARGETED_DEVICE_FAMILY = 1;
			};
			name = Debug;
		};
		3739584B2166D7F10030470E /* Release */ = {
			isa = XCBuildConfiguration;
			baseConfigurationReference = 946B35C98E558FA4F9448482 /* Pods-Mapache.release.xcconfig */;
			buildSettings = {
				ALWAYS_EMBED_SWIFT_STANDARD_LIBRARIES = YES;
				ASSETCATALOG_COMPILER_APPICON_NAME = AppIcon;
				CODE_SIGN_IDENTITY = "iPhone Developer";
				CODE_SIGN_STYLE = Automatic;
				DEVELOPMENT_TEAM = 9GJY67MQJM;
				INFOPLIST_FILE = Mapache/Info.plist;
				IPHONEOS_DEPLOYMENT_TARGET = 12.1;
				LD_RUNPATH_SEARCH_PATHS = (
					"$(inherited)",
					"@executable_path/Frameworks",
				);
				PRODUCT_BUNDLE_IDENTIFIER = com.lf.Mapache;
				PRODUCT_NAME = "$(TARGET_NAME)";
				PROVISIONING_PROFILE_SPECIFIER = "";
				SWIFT_VERSION = 4.2;
				TARGETED_DEVICE_FAMILY = 1;
			};
			name = Release;
		};
		3739584D2166D7F10030470E /* Debug */ = {
			isa = XCBuildConfiguration;
			baseConfigurationReference = FDE960DB750E53919CD4905D /* Pods-MapacheTests.debug.xcconfig */;
			buildSettings = {
				ALWAYS_EMBED_SWIFT_STANDARD_LIBRARIES = YES;
				BUNDLE_LOADER = "$(TEST_HOST)";
				CODE_SIGN_STYLE = Automatic;
				INFOPLIST_FILE = MapacheTests/Info.plist;
				LD_RUNPATH_SEARCH_PATHS = (
					"$(inherited)",
					"@executable_path/Frameworks",
					"@loader_path/Frameworks",
				);
				PRODUCT_BUNDLE_IDENTIFIER = com.lf.MapacheTests;
				PRODUCT_NAME = "$(TARGET_NAME)";
				SWIFT_VERSION = 4.2;
				TARGETED_DEVICE_FAMILY = "1,2";
				TEST_HOST = "$(BUILT_PRODUCTS_DIR)/Mapache.app/Mapache";
			};
			name = Debug;
		};
		3739584E2166D7F10030470E /* Release */ = {
			isa = XCBuildConfiguration;
			baseConfigurationReference = 0A28EEC2E6E62D2100FADBFE /* Pods-MapacheTests.release.xcconfig */;
			buildSettings = {
				ALWAYS_EMBED_SWIFT_STANDARD_LIBRARIES = YES;
				BUNDLE_LOADER = "$(TEST_HOST)";
				CODE_SIGN_STYLE = Automatic;
				INFOPLIST_FILE = MapacheTests/Info.plist;
				LD_RUNPATH_SEARCH_PATHS = (
					"$(inherited)",
					"@executable_path/Frameworks",
					"@loader_path/Frameworks",
				);
				PRODUCT_BUNDLE_IDENTIFIER = com.lf.MapacheTests;
				PRODUCT_NAME = "$(TARGET_NAME)";
				SWIFT_VERSION = 4.2;
				TARGETED_DEVICE_FAMILY = "1,2";
				TEST_HOST = "$(BUILT_PRODUCTS_DIR)/Mapache.app/Mapache";
			};
			name = Release;
		};
		373958502166D7F10030470E /* Debug */ = {
			isa = XCBuildConfiguration;
			baseConfigurationReference = D10C9FF88489BD79BAB4410A /* Pods-MapacheUITests.debug.xcconfig */;
			buildSettings = {
				ALWAYS_EMBED_SWIFT_STANDARD_LIBRARIES = YES;
				CODE_SIGN_STYLE = Automatic;
				INFOPLIST_FILE = MapacheUITests/Info.plist;
				LD_RUNPATH_SEARCH_PATHS = (
					"$(inherited)",
					"@executable_path/Frameworks",
					"@loader_path/Frameworks",
				);
				PRODUCT_BUNDLE_IDENTIFIER = com.lf.MapacheUITests;
				PRODUCT_NAME = "$(TARGET_NAME)";
				SWIFT_VERSION = 4.2;
				TARGETED_DEVICE_FAMILY = "1,2";
				TEST_TARGET_NAME = Mapache;
			};
			name = Debug;
		};
		373958512166D7F10030470E /* Release */ = {
			isa = XCBuildConfiguration;
			baseConfigurationReference = 029C5D5F50E7651C1EA07116 /* Pods-MapacheUITests.release.xcconfig */;
			buildSettings = {
				ALWAYS_EMBED_SWIFT_STANDARD_LIBRARIES = YES;
				CODE_SIGN_STYLE = Automatic;
				INFOPLIST_FILE = MapacheUITests/Info.plist;
				LD_RUNPATH_SEARCH_PATHS = (
					"$(inherited)",
					"@executable_path/Frameworks",
					"@loader_path/Frameworks",
				);
				PRODUCT_BUNDLE_IDENTIFIER = com.lf.MapacheUITests;
				PRODUCT_NAME = "$(TARGET_NAME)";
				SWIFT_VERSION = 4.2;
				TARGETED_DEVICE_FAMILY = "1,2";
				TEST_TARGET_NAME = Mapache;
			};
			name = Release;
		};
/* End XCBuildConfiguration section */

/* Begin XCConfigurationList section */
		3739581C2166D7F00030470E /* Build configuration list for PBXProject "Mapache" */ = {
			isa = XCConfigurationList;
			buildConfigurations = (
				373958472166D7F10030470E /* Debug */,
				373958482166D7F10030470E /* Release */,
			);
			defaultConfigurationIsVisible = 0;
			defaultConfigurationName = Release;
		};
		373958492166D7F10030470E /* Build configuration list for PBXNativeTarget "Mapache" */ = {
			isa = XCConfigurationList;
			buildConfigurations = (
				3739584A2166D7F10030470E /* Debug */,
				3739584B2166D7F10030470E /* Release */,
			);
			defaultConfigurationIsVisible = 0;
			defaultConfigurationName = Release;
		};
		3739584C2166D7F10030470E /* Build configuration list for PBXNativeTarget "MapacheTests" */ = {
			isa = XCConfigurationList;
			buildConfigurations = (
				3739584D2166D7F10030470E /* Debug */,
				3739584E2166D7F10030470E /* Release */,
			);
			defaultConfigurationIsVisible = 0;
			defaultConfigurationName = Release;
		};
		3739584F2166D7F10030470E /* Build configuration list for PBXNativeTarget "MapacheUITests" */ = {
			isa = XCConfigurationList;
			buildConfigurations = (
				373958502166D7F10030470E /* Debug */,
				373958512166D7F10030470E /* Release */,
			);
			defaultConfigurationIsVisible = 0;
			defaultConfigurationName = Release;
		};
/* End XCConfigurationList section */
	};
	rootObject = 373958192166D7F00030470E /* Project object */;
}
